
Microsoft Visual Studio Solution File, Format Version 12.00
# Visual Studio 14
VisualStudioVersion = 14.0.25420.1
MinimumVisualStudioVersion = 10.0.40219.1
Project("{FAE04EC0-301F-11D3-BF4B-00C04F79EFBC}") = "SpotifyPlaylistManager", "SpotifyPlaylistManager\SpotifyPlaylistManager.csproj", "{05847F6C-8F20-4AEC-AA39-C417B1FFAA4C}"
EndProject
Global
	GlobalSection(SolutionConfigurationPlatforms) = preSolution
		Debug|Any CPU = Debug|Any CPU
		Release|Any CPU = Release|Any CPU
	EndGlobalSection
	GlobalSection(ProjectConfigurationPlatforms) = postSolution
		{05847F6C-8F20-4AEC-AA39-C417B1FFAA4C}.Debug|Any CPU.ActiveCfg = Debug|Any CPU
		{05847F6C-8F20-4AEC-AA39-C417B1FFAA4C}.Debug|Any CPU.Build.0 = Debug|Any CPU
		{05847F6C-8F20-4AEC-AA39-C417B1FFAA4C}.Release|Any CPU.ActiveCfg = Release|Any CPU
		{05847F6C-8F20-4AEC-AA39-C417B1FFAA4C}.Release|Any CPU.Build.0 = Release|Any CPU
	EndGlobalSection
	GlobalSection(SolutionProperties) = preSolution
		HideSolutionNode = FALSE
	EndGlobalSection
EndGlobal
